
Microsoft Visual Studio Solution File, Format Version 11.00
# Visual Studio 2010
Project("{FAE04EC0-301F-11D3-BF4B-00C04F79EFBC}") = "CarRace", "CarRace\CarRace.csproj", "{893D32B1-07D6-4CF0-979D-3F00F939A623}"
EndProject
Global
	GlobalSection(SolutionConfigurationPlatforms) = preSolution
		Debug|x86 = Debug|x86
		Release|x86 = Release|x86
	EndGlobalSection
	GlobalSection(ProjectConfigurationPlatforms) = postSolution
		{893D32B1-07D6-4CF0-979D-3F00F939A623}.Debug|x86.ActiveCfg = Debug|x86
		{893D32B1-07D6-4CF0-979D-3F00F939A623}.Debug|x86.Build.0 = Debug|x86
		{893D32B1-07D6-4CF0-979D-3F00F939A623}.Release|x86.ActiveCfg = Release|x86
		{893D32B1-07D6-4CF0-979D-3F00F939A623}.Release|x86.Build.0 = Release|x86
	EndGlobalSection
	GlobalSection(SolutionProperties) = preSolution
		HideSolutionNode = FALSE
	EndGlobalSection
EndGlobal
